
Microsoft Visual Studio Solution File, Format Version 12.00
# Visual Studio 15
VisualStudioVersion = 15.0.28010.2016
MinimumVisualStudioVersion = 10.0.40219.1
Project("{FAE04EC0-301F-11D3-BF4B-00C04F79EFBC}") = "tidanSQL", "tidanSQL\tidanSQL.csproj", "{BF49FA1A-9C72-4090-9929-17A808D0714E}"
EndProject
Global
	GlobalSection(SolutionConfigurationPlatforms) = preSolution
		Debug|Any CPU = Debug|Any CPU
		Release|Any CPU = Release|Any CPU
	EndGlobalSection
	GlobalSection(ProjectConfigurationPlatforms) = postSolution
		{BF49FA1A-9C72-4090-9929-17A808D0714E}.Debug|Any CPU.ActiveCfg = Debug|Any CPU
		{BF49FA1A-9C72-4090-9929-17A808D0714E}.Debug|Any CPU.Build.0 = Debug|Any CPU
		{BF49FA1A-9C72-4090-9929-17A808D0714E}.Release|Any CPU.ActiveCfg = Release|Any CPU
		{BF49FA1A-9C72-4090-9929-17A808D0714E}.Release|Any CPU.Build.0 = Release|Any CPU
	EndGlobalSection
	GlobalSection(SolutionProperties) = preSolution
		HideSolutionNode = FALSE
	EndGlobalSection
	GlobalSection(ExtensibilityGlobals) = postSolution
		SolutionGuid = {54D8971B-E8B7-4D80-9F18-09933D403D12}
	EndGlobalSection
EndGlobal
